
Microsoft Visual Studio Solution File, Format Version 12.00
# Visual Studio Version 17
VisualStudioVersion = 17.0.31903.59
MinimumVisualStudioVersion = 10.0.40219.1
Project("{2150E333-8FDC-42A3-9474-1A3956D46DE8}") = "Services", "Services", "{0187CED2-8BD8-4FE8-9E95-41CCFFD59F28}"
EndProject
Project("{2150E333-8FDC-42A3-9474-1A3956D46DE8}") = "Catalog", "Catalog", "{CC127738-D490-4090-BD12-F30B4172CF80}"
EndProject
Project("{9A19103F-16F7-4668-BE54-9A1E7A4F7556}") = "Catalog.API", "Services\Catalog\Catalog.API\Catalog.API.csproj", "{5E8BFE5D-9077-422B-AECC-CF9C62AD5612}"
EndProject
Project("{9A19103F-16F7-4668-BE54-9A1E7A4F7556}") = "Catalog.Application", "Services\Catalog\Catalog.Application\Catalog.Application.csproj", "{A6A84106-A31C-411F-AF92-9800A32FB678}"
EndProject
Project("{9A19103F-16F7-4668-BE54-9A1E7A4F7556}") = "Catalog.Domain", "Services\Catalog\Catalog.Domain\Catalog.Domain.csproj", "{AE8F7B8F-CB0E-4EE4-9203-D86FEA5CEC4A}"
EndProject
Project("{9A19103F-16F7-4668-BE54-9A1E7A4F7556}") = "Catalog.Infrastructure", "Services\Catalog\Catalog.Infrastructure\Catalog.Infrastructure.csproj", "{09C9D633-9536-45EB-881C-CE7CD1C8146E}"
EndProject
Project("{E53339B2-1760-4266-BCC7-CA923CBCF16C}") = "docker-compose", "docker-compose.dcproj", "{8817A16E-2C2C-4029-8A6C-08EBD30AB2DD}"
EndProject
Project("{2150E333-8FDC-42A3-9474-1A3956D46DE8}") = "Basket", "Basket", "{D9A81995-FF9B-4ADE-AC78-D3DF8394B30D}"
EndProject
Project("{9A19103F-16F7-4668-BE54-9A1E7A4F7556}") = "Basket.Domain", "Services\Basket\Basket.Domain\Basket.Domain.csproj", "{51337277-1394-418C-84E6-A4CB006AD663}"
EndProject
Project("{9A19103F-16F7-4668-BE54-9A1E7A4F7556}") = "Basket.Application", "Services\Basket\Basket.Application\Basket.Application.csproj", "{42DD3AAD-D53B-45B3-B556-317DF608F336}"
EndProject
Project("{9A19103F-16F7-4668-BE54-9A1E7A4F7556}") = "Basket.Infrastructure", "Services\Basket\Basket.Infrastructure\Basket.Infrastructure.csproj", "{D4258275-3170-41B9-94BD-BDDB3460777A}"
EndProject
Project("{9A19103F-16F7-4668-BE54-9A1E7A4F7556}") = "Basket.API", "Services\Basket\Basket.API\Basket.API.csproj", "{B19E58E4-9383-40A6-B77F-B46047784EC2}"
EndProject
Project("{2150E333-8FDC-42A3-9474-1A3956D46DE8}") = "Resources", "Resources", "{5763C555-67D6-4F07-8787-8FE24609A29A}"
	ProjectSection(SolutionItems) = preProject
		..\TODO.txt = ..\TODO.txt
	EndProjectSection
EndProject
Project("{2150E333-8FDC-42A3-9474-1A3956D46DE8}") = "Libraries", "Libraries", "{9E145B93-0919-4D8B-A629-A8AD35DC4F62}"
EndProject
Project("{2150E333-8FDC-42A3-9474-1A3956D46DE8}") = "Discount", "Discount", "{8406C947-4F00-4199-86D4-DC3143737C18}"
EndProject
Project("{9A19103F-16F7-4668-BE54-9A1E7A4F7556}") = "Discount.Domain", "Services\Discount\Discount.Domain\Discount.Domain.csproj", "{B0AF42E6-2588-4D42-8309-7B31A71EAA06}"
EndProject
Project("{9A19103F-16F7-4668-BE54-9A1E7A4F7556}") = "Discount.Application", "Services\Discount\Discount.Application\Discount.Application.csproj", "{82CBD880-14B9-4146-93A0-42D81F9265AA}"
EndProject
Project("{9A19103F-16F7-4668-BE54-9A1E7A4F7556}") = "Discount.Infrastructure", "Services\Discount\Discount.Infrastructure\Discount.Infrastructure.csproj", "{D62BE6DC-6BCB-4007-BE3E-4B66CFC1A2DC}"
EndProject
Project("{9A19103F-16F7-4668-BE54-9A1E7A4F7556}") = "Discount.API", "Services\Discount\Discount.API\Discount.API.csproj", "{450670ED-F79E-42B3-B284-141F8F08274A}"
EndProject
Project("{2150E333-8FDC-42A3-9474-1A3956D46DE8}") = "Order", "Order", "{C86B489E-AEFA-4CE5-A56C-01147C558F02}"
EndProject
Project("{9A19103F-16F7-4668-BE54-9A1E7A4F7556}") = "Order.API", "Services\Order\Order.API\Order.API.csproj", "{0B5A7FEE-904B-469A-9BE8-CA5C63FD4350}"
EndProject
Project("{9A19103F-16F7-4668-BE54-9A1E7A4F7556}") = "Order.Application", "Services\Order\Order.Application\Order.Application.csproj", "{A9036294-C470-4D1B-88EB-FDCEF956E9CA}"
EndProject
Project("{9A19103F-16F7-4668-BE54-9A1E7A4F7556}") = "Order.Domain", "Services\Order\Order.Domain\Order.Domain.csproj", "{72A9F47D-80C4-46E1-BD43-4EE3FCA13DDA}"
EndProject
Project("{9A19103F-16F7-4668-BE54-9A1E7A4F7556}") = "Order.Infrastructure", "Services\Order\Order.Infrastructure\Order.Infrastructure.csproj", "{E976E3AA-DD27-4795-BD19-6A964B1C8DDA}"
EndProject
Project("{9A19103F-16F7-4668-BE54-9A1E7A4F7556}") = "MessageBus", "Libraries\MessageBus\MessageBus.csproj", "{858914DC-E4E2-4A5A-A02B-3B700FD9FCEE}"
EndProject
Project("{2150E333-8FDC-42A3-9474-1A3956D46DE8}") = "ApiGateways", "ApiGateways", "{C286A597-DD5E-4C58-9E43-BC10508BA9F9}"
EndProject
Project("{FAE04EC0-301F-11D3-BF4B-00C04F79EFBC}") = "Ocelot.ApiGateway", "ApiGateways\Ocelot.ApiGateway\Ocelot.ApiGateway.csproj", "{5F67AFE5-37F2-40B4-A8C5-51987F09F03B}"
EndProject
Global
	GlobalSection(SolutionConfigurationPlatforms) = preSolution
		Debug|Any CPU = Debug|Any CPU
		Release|Any CPU = Release|Any CPU
	EndGlobalSection
	GlobalSection(ProjectConfigurationPlatforms) = postSolution
		{5E8BFE5D-9077-422B-AECC-CF9C62AD5612}.Debug|Any CPU.ActiveCfg = Debug|Any CPU
		{5E8BFE5D-9077-422B-AECC-CF9C62AD5612}.Debug|Any CPU.Build.0 = Debug|Any CPU
		{5E8BFE5D-9077-422B-AECC-CF9C62AD5612}.Release|Any CPU.ActiveCfg = Release|Any CPU
		{5E8BFE5D-9077-422B-AECC-CF9C62AD5612}.Release|Any CPU.Build.0 = Release|Any CPU
		{A6A84106-A31C-411F-AF92-9800A32FB678}.Debug|Any CPU.ActiveCfg = Debug|Any CPU
		{A6A84106-A31C-411F-AF92-9800A32FB678}.Debug|Any CPU.Build.0 = Debug|Any CPU
		{A6A84106-A31C-411F-AF92-9800A32FB678}.Release|Any CPU.ActiveCfg = Release|Any CPU
		{A6A84106-A31C-411F-AF92-9800A32FB678}.Release|Any CPU.Build.0 = Release|Any CPU
		{AE8F7B8F-CB0E-4EE4-9203-D86FEA5CEC4A}.Debug|Any CPU.ActiveCfg = Debug|Any CPU
		{AE8F7B8F-CB0E-4EE4-9203-D86FEA5CEC4A}.Debug|Any CPU.Build.0 = Debug|Any CPU
		{AE8F7B8F-CB0E-4EE4-9203-D86FEA5CEC4A}.Release|Any CPU.ActiveCfg = Release|Any CPU
		{AE8F7B8F-CB0E-4EE4-9203-D86FEA5CEC4A}.Release|Any CPU.Build.0 = Release|Any CPU
		{09C9D633-9536-45EB-881C-CE7CD1C8146E}.Debug|Any CPU.ActiveCfg = Debug|Any CPU
		{09C9D633-9536-45EB-881C-CE7CD1C8146E}.Debug|Any CPU.Build.0 = Debug|Any CPU
		{09C9D633-9536-45EB-881C-CE7CD1C8146E}.Release|Any CPU.ActiveCfg = Release|Any CPU
		{09C9D633-9536-45EB-881C-CE7CD1C8146E}.Release|Any CPU.Build.0 = Release|Any CPU
		{8817A16E-2C2C-4029-8A6C-08EBD30AB2DD}.Debug|Any CPU.ActiveCfg = Debug|Any CPU
		{8817A16E-2C2C-4029-8A6C-08EBD30AB2DD}.Debug|Any CPU.Build.0 = Debug|Any CPU
		{8817A16E-2C2C-4029-8A6C-08EBD30AB2DD}.Release|Any CPU.ActiveCfg = Release|Any CPU
		{8817A16E-2C2C-4029-8A6C-08EBD30AB2DD}.Release|Any CPU.Build.0 = Release|Any CPU
		{51337277-1394-418C-84E6-A4CB006AD663}.Debug|Any CPU.ActiveCfg = Debug|Any CPU
		{51337277-1394-418C-84E6-A4CB006AD663}.Debug|Any CPU.Build.0 = Debug|Any CPU
		{51337277-1394-418C-84E6-A4CB006AD663}.Release|Any CPU.ActiveCfg = Release|Any CPU
		{51337277-1394-418C-84E6-A4CB006AD663}.Release|Any CPU.Build.0 = Release|Any CPU
		{42DD3AAD-D53B-45B3-B556-317DF608F336}.Debug|Any CPU.ActiveCfg = Debug|Any CPU
		{42DD3AAD-D53B-45B3-B556-317DF608F336}.Debug|Any CPU.Build.0 = Debug|Any CPU
		{42DD3AAD-D53B-45B3-B556-317DF608F336}.Release|Any CPU.ActiveCfg = Release|Any CPU
		{42DD3AAD-D53B-45B3-B556-317DF608F336}.Release|Any CPU.Build.0 = Release|Any CPU
		{D4258275-3170-41B9-94BD-BDDB3460777A}.Debug|Any CPU.ActiveCfg = Debug|Any CPU
		{D4258275-3170-41B9-94BD-BDDB3460777A}.Debug|Any CPU.Build.0 = Debug|Any CPU
		{D4258275-3170-41B9-94BD-BDDB3460777A}.Release|Any CPU.ActiveCfg = Release|Any CPU
		{D4258275-3170-41B9-94BD-BDDB3460777A}.Release|Any CPU.Build.0 = Release|Any CPU
		{B19E58E4-9383-40A6-B77F-B46047784EC2}.Debug|Any CPU.ActiveCfg = Debug|Any CPU
		{B19E58E4-9383-40A6-B77F-B46047784EC2}.Debug|Any CPU.Build.0 = Debug|Any CPU
		{B19E58E4-9383-40A6-B77F-B46047784EC2}.Release|Any CPU.ActiveCfg = Release|Any CPU
		{B19E58E4-9383-40A6-B77F-B46047784EC2}.Release|Any CPU.Build.0 = Release|Any CPU
		{B0AF42E6-2588-4D42-8309-7B31A71EAA06}.Debug|Any CPU.ActiveCfg = Debug|Any CPU
		{B0AF42E6-2588-4D42-8309-7B31A71EAA06}.Debug|Any CPU.Build.0 = Debug|Any CPU
		{B0AF42E6-2588-4D42-8309-7B31A71EAA06}.Release|Any CPU.ActiveCfg = Release|Any CPU
		{B0AF42E6-2588-4D42-8309-7B31A71EAA06}.Release|Any CPU.Build.0 = Release|Any CPU
		{82CBD880-14B9-4146-93A0-42D81F9265AA}.Debug|Any CPU.ActiveCfg = Debug|Any CPU
		{82CBD880-14B9-4146-93A0-42D81F9265AA}.Debug|Any CPU.Build.0 = Debug|Any CPU
		{82CBD880-14B9-4146-93A0-42D81F9265AA}.Release|Any CPU.ActiveCfg = Release|Any CPU
		{82CBD880-14B9-4146-93A0-42D81F9265AA}.Release|Any CPU.Build.0 = Release|Any CPU
		{D62BE6DC-6BCB-4007-BE3E-4B66CFC1A2DC}.Debug|Any CPU.ActiveCfg = Debug|Any CPU
		{D62BE6DC-6BCB-4007-BE3E-4B66CFC1A2DC}.Debug|Any CPU.Build.0 = Debug|Any CPU
		{D62BE6DC-6BCB-4007-BE3E-4B66CFC1A2DC}.Release|Any CPU.ActiveCfg = Release|Any CPU
		{D62BE6DC-6BCB-4007-BE3E-4B66CFC1A2DC}.Release|Any CPU.Build.0 = Release|Any CPU
		{450670ED-F79E-42B3-B284-141F8F08274A}.Debug|Any CPU.ActiveCfg = Debug|Any CPU
		{450670ED-F79E-42B3-B284-141F8F08274A}.Debug|Any CPU.Build.0 = Debug|Any CPU
		{450670ED-F79E-42B3-B284-141F8F08274A}.Release|Any CPU.ActiveCfg = Release|Any CPU
		{450670ED-F79E-42B3-B284-141F8F08274A}.Release|Any CPU.Build.0 = Release|Any CPU
		{0B5A7FEE-904B-469A-9BE8-CA5C63FD4350}.Debug|Any CPU.ActiveCfg = Debug|Any CPU
		{0B5A7FEE-904B-469A-9BE8-CA5C63FD4350}.Debug|Any CPU.Build.0 = Debug|Any CPU
		{0B5A7FEE-904B-469A-9BE8-CA5C63FD4350}.Release|Any CPU.ActiveCfg = Release|Any CPU
		{0B5A7FEE-904B-469A-9BE8-CA5C63FD4350}.Release|Any CPU.Build.0 = Release|Any CPU
		{A9036294-C470-4D1B-88EB-FDCEF956E9CA}.Debug|Any CPU.ActiveCfg = Debug|Any CPU
		{A9036294-C470-4D1B-88EB-FDCEF956E9CA}.Debug|Any CPU.Build.0 = Debug|Any CPU
		{A9036294-C470-4D1B-88EB-FDCEF956E9CA}.Release|Any CPU.ActiveCfg = Release|Any CPU
		{A9036294-C470-4D1B-88EB-FDCEF956E9CA}.Release|Any CPU.Build.0 = Release|Any CPU
		{72A9F47D-80C4-46E1-BD43-4EE3FCA13DDA}.Debug|Any CPU.ActiveCfg = Debug|Any CPU
		{72A9F47D-80C4-46E1-BD43-4EE3FCA13DDA}.Debug|Any CPU.Build.0 = Debug|Any CPU
		{72A9F47D-80C4-46E1-BD43-4EE3FCA13DDA}.Release|Any CPU.ActiveCfg = Release|Any CPU
		{72A9F47D-80C4-46E1-BD43-4EE3FCA13DDA}.Release|Any CPU.Build.0 = Release|Any CPU
		{E976E3AA-DD27-4795-BD19-6A964B1C8DDA}.Debug|Any CPU.ActiveCfg = Debug|Any CPU
		{E976E3AA-DD27-4795-BD19-6A964B1C8DDA}.Debug|Any CPU.Build.0 = Debug|Any CPU
		{E976E3AA-DD27-4795-BD19-6A964B1C8DDA}.Release|Any CPU.ActiveCfg = Release|Any CPU
		{E976E3AA-DD27-4795-BD19-6A964B1C8DDA}.Release|Any CPU.Build.0 = Release|Any CPU
		{858914DC-E4E2-4A5A-A02B-3B700FD9FCEE}.Debug|Any CPU.ActiveCfg = Debug|Any CPU
		{858914DC-E4E2-4A5A-A02B-3B700FD9FCEE}.Debug|Any CPU.Build.0 = Debug|Any CPU
		{858914DC-E4E2-4A5A-A02B-3B700FD9FCEE}.Release|Any CPU.ActiveCfg = Release|Any CPU
		{858914DC-E4E2-4A5A-A02B-3B700FD9FCEE}.Release|Any CPU.Build.0 = Release|Any CPU
		{5F67AFE5-37F2-40B4-A8C5-51987F09F03B}.Debug|Any CPU.ActiveCfg = Debug|Any CPU
		{5F67AFE5-37F2-40B4-A8C5-51987F09F03B}.Debug|Any CPU.Build.0 = Debug|Any CPU
		{5F67AFE5-37F2-40B4-A8C5-51987F09F03B}.Release|Any CPU.ActiveCfg = Release|Any CPU
		{5F67AFE5-37F2-40B4-A8C5-51987F09F03B}.Release|Any CPU.Build.0 = Release|Any CPU
	EndGlobalSection
	GlobalSection(SolutionProperties) = preSolution
		HideSolutionNode = FALSE
	EndGlobalSection
	GlobalSection(NestedProjects) = preSolution
		{CC127738-D490-4090-BD12-F30B4172CF80} = {0187CED2-8BD8-4FE8-9E95-41CCFFD59F28}
		{5E8BFE5D-9077-422B-AECC-CF9C62AD5612} = {CC127738-D490-4090-BD12-F30B4172CF80}
		{A6A84106-A31C-411F-AF92-9800A32FB678} = {CC127738-D490-4090-BD12-F30B4172CF80}
		{AE8F7B8F-CB0E-4EE4-9203-D86FEA5CEC4A} = {CC127738-D490-4090-BD12-F30B4172CF80}
		{09C9D633-9536-45EB-881C-CE7CD1C8146E} = {CC127738-D490-4090-BD12-F30B4172CF80}
		{D9A81995-FF9B-4ADE-AC78-D3DF8394B30D} = {0187CED2-8BD8-4FE8-9E95-41CCFFD59F28}
		{51337277-1394-418C-84E6-A4CB006AD663} = {D9A81995-FF9B-4ADE-AC78-D3DF8394B30D}
		{42DD3AAD-D53B-45B3-B556-317DF608F336} = {D9A81995-FF9B-4ADE-AC78-D3DF8394B30D}
		{D4258275-3170-41B9-94BD-BDDB3460777A} = {D9A81995-FF9B-4ADE-AC78-D3DF8394B30D}
		{B19E58E4-9383-40A6-B77F-B46047784EC2} = {D9A81995-FF9B-4ADE-AC78-D3DF8394B30D}
		{8406C947-4F00-4199-86D4-DC3143737C18} = {0187CED2-8BD8-4FE8-9E95-41CCFFD59F28}
		{B0AF42E6-2588-4D42-8309-7B31A71EAA06} = {8406C947-4F00-4199-86D4-DC3143737C18}
		{82CBD880-14B9-4146-93A0-42D81F9265AA} = {8406C947-4F00-4199-86D4-DC3143737C18}
		{D62BE6DC-6BCB-4007-BE3E-4B66CFC1A2DC} = {8406C947-4F00-4199-86D4-DC3143737C18}
		{450670ED-F79E-42B3-B284-141F8F08274A} = {8406C947-4F00-4199-86D4-DC3143737C18}
		{C86B489E-AEFA-4CE5-A56C-01147C558F02} = {0187CED2-8BD8-4FE8-9E95-41CCFFD59F28}
		{0B5A7FEE-904B-469A-9BE8-CA5C63FD4350} = {C86B489E-AEFA-4CE5-A56C-01147C558F02}
		{A9036294-C470-4D1B-88EB-FDCEF956E9CA} = {C86B489E-AEFA-4CE5-A56C-01147C558F02}
		{72A9F47D-80C4-46E1-BD43-4EE3FCA13DDA} = {C86B489E-AEFA-4CE5-A56C-01147C558F02}
		{E976E3AA-DD27-4795-BD19-6A964B1C8DDA} = {C86B489E-AEFA-4CE5-A56C-01147C558F02}
		{858914DC-E4E2-4A5A-A02B-3B700FD9FCEE} = {9E145B93-0919-4D8B-A629-A8AD35DC4F62}
		{5F67AFE5-37F2-40B4-A8C5-51987F09F03B} = {C286A597-DD5E-4C58-9E43-BC10508BA9F9}
	EndGlobalSection
	GlobalSection(ExtensibilityGlobals) = postSolution
		SolutionGuid = {1D245625-5CB1-489C-8D52-F4E44BA31E95}
	EndGlobalSection
EndGlobal
