
Microsoft Visual Studio Solution File, Format Version 12.00
# Visual Studio Version 17
VisualStudioVersion = 17.0.31903.59
MinimumVisualStudioVersion = 10.0.40219.1
Project("{2150E333-8FDC-42A3-9474-1A3956D46DE8}") = "Services", "Services", "{0187CED2-8BD8-4FE8-9E95-41CCFFD59F28}"
EndProject
Project("{2150E333-8FDC-42A3-9474-1A3956D46DE8}") = "Catalog", "Catalog", "{CC127738-D490-4090-BD12-F30B4172CF80}"
EndProject
Project("{9A19103F-16F7-4668-BE54-9A1E7A4F7556}") = "Catalog.API", "Services\Catalog\Catalog.API\Catalog.API.csproj", "{5E8BFE5D-9077-422B-AECC-CF9C62AD5612}"
EndProject
Project("{9A19103F-16F7-4668-BE54-9A1E7A4F7556}") = "Catalog.Application", "Services\Catalog\Catalog.Application\Catalog.Application.csproj", "{A6A84106-A31C-411F-AF92-9800A32FB678}"
EndProject
Project("{9A19103F-16F7-4668-BE54-9A1E7A4F7556}") = "Catalog.Domain", "Services\Catalog\Catalog.Domain\Catalog.Domain.csproj", "{AE8F7B8F-CB0E-4EE4-9203-D86FEA5CEC4A}"
EndProject
Project("{9A19103F-16F7-4668-BE54-9A1E7A4F7556}") = "Catalog.Infrastructure", "Services\Catalog\Catalog.Infrastructure\Catalog.Infrastructure.csproj", "{09C9D633-9536-45EB-881C-CE7CD1C8146E}"
EndProject
Project("{E53339B2-1760-4266-BCC7-CA923CBCF16C}") = "docker-compose", "docker-compose.dcproj", "{8817A16E-2C2C-4029-8A6C-08EBD30AB2DD}"
EndProject
Project("{2150E333-8FDC-42A3-9474-1A3956D46DE8}") = "Basket", "Basket", "{D9A81995-FF9B-4ADE-AC78-D3DF8394B30D}"
EndProject
Project("{9A19103F-16F7-4668-BE54-9A1E7A4F7556}") = "Basket.Domain", "Services\Basket\Basket.Domain\Basket.Domain.csproj", "{51337277-1394-418C-84E6-A4CB006AD663}"
EndProject
Project("{9A19103F-16F7-4668-BE54-9A1E7A4F7556}") = "Basket.Application", "Services\Basket\Basket.Application\Basket.Application.csproj", "{42DD3AAD-D53B-45B3-B556-317DF608F336}"
EndProject
Project("{9A19103F-16F7-4668-BE54-9A1E7A4F7556}") = "Basket.Infrastructure", "Services\Basket\Basket.Infrastructure\Basket.Infrastructure.csproj", "{D4258275-3170-41B9-94BD-BDDB3460777A}"
EndProject
Project("{FAE04EC0-301F-11D3-BF4B-00C04F79EFBC}") = "Basket.API", "Services\Basket\Basket.API\Basket.API.csproj", "{B19E58E4-9383-40A6-B77F-B46047784EC2}"
EndProject
Global
	GlobalSection(SolutionConfigurationPlatforms) = preSolution
		Debug|Any CPU = Debug|Any CPU
		Release|Any CPU = Release|Any CPU
	EndGlobalSection
	GlobalSection(ProjectConfigurationPlatforms) = postSolution
		{5E8BFE5D-9077-422B-AECC-CF9C62AD5612}.Debug|Any CPU.ActiveCfg = Debug|Any CPU
		{5E8BFE5D-9077-422B-AECC-CF9C62AD5612}.Debug|Any CPU.Build.0 = Debug|Any CPU
		{5E8BFE5D-9077-422B-AECC-CF9C62AD5612}.Release|Any CPU.ActiveCfg = Release|Any CPU
		{5E8BFE5D-9077-422B-AECC-CF9C62AD5612}.Release|Any CPU.Build.0 = Release|Any CPU
		{A6A84106-A31C-411F-AF92-9800A32FB678}.Debug|Any CPU.ActiveCfg = Debug|Any CPU
		{A6A84106-A31C-411F-AF92-9800A32FB678}.Debug|Any CPU.Build.0 = Debug|Any CPU
		{A6A84106-A31C-411F-AF92-9800A32FB678}.Release|Any CPU.ActiveCfg = Release|Any CPU
		{A6A84106-A31C-411F-AF92-9800A32FB678}.Release|Any CPU.Build.0 = Release|Any CPU
		{AE8F7B8F-CB0E-4EE4-9203-D86FEA5CEC4A}.Debug|Any CPU.ActiveCfg = Debug|Any CPU
		{AE8F7B8F-CB0E-4EE4-9203-D86FEA5CEC4A}.Debug|Any CPU.Build.0 = Debug|Any CPU
		{AE8F7B8F-CB0E-4EE4-9203-D86FEA5CEC4A}.Release|Any CPU.ActiveCfg = Release|Any CPU
		{AE8F7B8F-CB0E-4EE4-9203-D86FEA5CEC4A}.Release|Any CPU.Build.0 = Release|Any CPU
		{09C9D633-9536-45EB-881C-CE7CD1C8146E}.Debug|Any CPU.ActiveCfg = Debug|Any CPU
		{09C9D633-9536-45EB-881C-CE7CD1C8146E}.Debug|Any CPU.Build.0 = Debug|Any CPU
		{09C9D633-9536-45EB-881C-CE7CD1C8146E}.Release|Any CPU.ActiveCfg = Release|Any CPU
		{09C9D633-9536-45EB-881C-CE7CD1C8146E}.Release|Any CPU.Build.0 = Release|Any CPU
		{8817A16E-2C2C-4029-8A6C-08EBD30AB2DD}.Debug|Any CPU.ActiveCfg = Debug|Any CPU
		{8817A16E-2C2C-4029-8A6C-08EBD30AB2DD}.Debug|Any CPU.Build.0 = Debug|Any CPU
		{8817A16E-2C2C-4029-8A6C-08EBD30AB2DD}.Release|Any CPU.ActiveCfg = Release|Any CPU
		{8817A16E-2C2C-4029-8A6C-08EBD30AB2DD}.Release|Any CPU.Build.0 = Release|Any CPU
		{51337277-1394-418C-84E6-A4CB006AD663}.Debug|Any CPU.ActiveCfg = Debug|Any CPU
		{51337277-1394-418C-84E6-A4CB006AD663}.Debug|Any CPU.Build.0 = Debug|Any CPU
		{51337277-1394-418C-84E6-A4CB006AD663}.Release|Any CPU.ActiveCfg = Release|Any CPU
		{51337277-1394-418C-84E6-A4CB006AD663}.Release|Any CPU.Build.0 = Release|Any CPU
		{42DD3AAD-D53B-45B3-B556-317DF608F336}.Debug|Any CPU.ActiveCfg = Debug|Any CPU
		{42DD3AAD-D53B-45B3-B556-317DF608F336}.Debug|Any CPU.Build.0 = Debug|Any CPU
		{42DD3AAD-D53B-45B3-B556-317DF608F336}.Release|Any CPU.ActiveCfg = Release|Any CPU
		{42DD3AAD-D53B-45B3-B556-317DF608F336}.Release|Any CPU.Build.0 = Release|Any CPU
		{D4258275-3170-41B9-94BD-BDDB3460777A}.Debug|Any CPU.ActiveCfg = Debug|Any CPU
		{D4258275-3170-41B9-94BD-BDDB3460777A}.Debug|Any CPU.Build.0 = Debug|Any CPU
		{D4258275-3170-41B9-94BD-BDDB3460777A}.Release|Any CPU.ActiveCfg = Release|Any CPU
		{D4258275-3170-41B9-94BD-BDDB3460777A}.Release|Any CPU.Build.0 = Release|Any CPU
		{B19E58E4-9383-40A6-B77F-B46047784EC2}.Debug|Any CPU.ActiveCfg = Debug|Any CPU
		{B19E58E4-9383-40A6-B77F-B46047784EC2}.Debug|Any CPU.Build.0 = Debug|Any CPU
		{B19E58E4-9383-40A6-B77F-B46047784EC2}.Release|Any CPU.ActiveCfg = Release|Any CPU
		{B19E58E4-9383-40A6-B77F-B46047784EC2}.Release|Any CPU.Build.0 = Release|Any CPU
	EndGlobalSection
	GlobalSection(SolutionProperties) = preSolution
		HideSolutionNode = FALSE
	EndGlobalSection
	GlobalSection(NestedProjects) = preSolution
		{CC127738-D490-4090-BD12-F30B4172CF80} = {0187CED2-8BD8-4FE8-9E95-41CCFFD59F28}
		{5E8BFE5D-9077-422B-AECC-CF9C62AD5612} = {CC127738-D490-4090-BD12-F30B4172CF80}
		{A6A84106-A31C-411F-AF92-9800A32FB678} = {CC127738-D490-4090-BD12-F30B4172CF80}
		{AE8F7B8F-CB0E-4EE4-9203-D86FEA5CEC4A} = {CC127738-D490-4090-BD12-F30B4172CF80}
		{09C9D633-9536-45EB-881C-CE7CD1C8146E} = {CC127738-D490-4090-BD12-F30B4172CF80}
		{D9A81995-FF9B-4ADE-AC78-D3DF8394B30D} = {0187CED2-8BD8-4FE8-9E95-41CCFFD59F28}
		{51337277-1394-418C-84E6-A4CB006AD663} = {D9A81995-FF9B-4ADE-AC78-D3DF8394B30D}
		{42DD3AAD-D53B-45B3-B556-317DF608F336} = {D9A81995-FF9B-4ADE-AC78-D3DF8394B30D}
		{D4258275-3170-41B9-94BD-BDDB3460777A} = {D9A81995-FF9B-4ADE-AC78-D3DF8394B30D}
		{B19E58E4-9383-40A6-B77F-B46047784EC2} = {D9A81995-FF9B-4ADE-AC78-D3DF8394B30D}
	EndGlobalSection
	GlobalSection(ExtensibilityGlobals) = postSolution
		SolutionGuid = {1D245625-5CB1-489C-8D52-F4E44BA31E95}
	EndGlobalSection
EndGlobal
